// !$*UTF8*$!
{
	archiveVersion = 1;
	classes = {
	};
	objectVersion = 46;
	objects = {

/* Begin PBXBuildFile section */
		974B3E961CDA0A3D00B1FBBD /* DetailViewController.swift in Sources */ = {isa = PBXBuildFile; fileRef = 974B3E951CDA0A3D00B1FBBD /* DetailViewController.swift */; };
		97FBDE221CD95E6400F6E118 /* AppDelegate.swift in Sources */ = {isa = PBXBuildFile; fileRef = 97FBDE211CD95E6400F6E118 /* AppDelegate.swift */; };
		97FBDE241CD95E6400F6E118 /* ViewController.swift in Sources */ = {isa = PBXBuildFile; fileRef = 97FBDE231CD95E6400F6E118 /* ViewController.swift */; };
		97FBDE271CD95E6400F6E118 /* Main.storyboard in Resources */ = {isa = PBXBuildFile; fileRef = 97FBDE251CD95E6400F6E118 /* Main.storyboard */; };
		97FBDE291CD95E6400F6E118 /* Assets.xcassets in Resources */ = {isa = PBXBuildFile; fileRef = 97FBDE281CD95E6400F6E118 /* Assets.xcassets */; };
		97FBDE2C1CD95E6400F6E118 /* LaunchScreen.storyboard in Resources */ = {isa = PBXBuildFile; fileRef = 97FBDE2A1CD95E6400F6E118 /* LaunchScreen.storyboard */; };
		97FBDE341CD9641900F6E118 /* SitesData.json in Resources */ = {isa = PBXBuildFile; fileRef = 97FBDE331CD9641900F6E118 /* SitesData.json */; };
		97FBDE361CD9662500F6E118 /* SiteTableViewCell.swift in Sources */ = {isa = PBXBuildFile; fileRef = 97FBDE351CD9662500F6E118 /* SiteTableViewCell.swift */; };
		97FBDE381CD9681C00F6E118 /* Site.swift in Sources */ = {isa = PBXBuildFile; fileRef = 97FBDE371CD9681C00F6E118 /* Site.swift */; };
/* End PBXBuildFile section */

/* Begin PBXFileReference section */
		974B3E951CDA0A3D00B1FBBD /* DetailViewController.swift */ = {isa = PBXFileReference; fileEncoding = 4; lastKnownFileType = sourcecode.swift; path = DetailViewController.swift; sourceTree = "<group>"; };
		97FBDE1E1CD95E6400F6E118 /* GrailDiary.app */ = {isa = PBXFileReference; explicitFileType = wrapper.application; includeInIndex = 0; path = GrailDiary.app; sourceTree = BUILT_PRODUCTS_DIR; };
		97FBDE211CD95E6400F6E118 /* AppDelegate.swift */ = {isa = PBXFileReference; lastKnownFileType = sourcecode.swift; path = AppDelegate.swift; sourceTree = "<group>"; };
		97FBDE231CD95E6400F6E118 /* ViewController.swift */ = {isa = PBXFileReference; lastKnownFileType = sourcecode.swift; path = ViewController.swift; sourceTree = "<group>"; };
		97FBDE261CD95E6400F6E118 /* Base */ = {isa = PBXFileReference; lastKnownFileType = file.storyboard; name = Base; path = Base.lproj/Main.storyboard; sourceTree = "<group>"; };
		97FBDE281CD95E6400F6E118 /* Assets.xcassets */ = {isa = PBXFileReference; lastKnownFileType = folder.assetcatalog; path = Assets.xcassets; sourceTree = "<group>"; };
		97FBDE2B1CD95E6400F6E118 /* Base */ = {isa = PBXFileReference; lastKnownFileType = file.storyboard; name = Base; path = Base.lproj/LaunchScreen.storyboard; sourceTree = "<group>"; };
		97FBDE2D1CD95E6400F6E118 /* Info.plist */ = {isa = PBXFileReference; lastKnownFileType = text.plist.xml; path = Info.plist; sourceTree = "<group>"; };
		97FBDE331CD9641900F6E118 /* SitesData.json */ = {isa = PBXFileReference; fileEncoding = 4; lastKnownFileType = text.json; path = SitesData.json; sourceTree = "<group>"; };
		97FBDE351CD9662500F6E118 /* SiteTableViewCell.swift */ = {isa = PBXFileReference; fileEncoding = 4; lastKnownFileType = sourcecode.swift; path = SiteTableViewCell.swift; sourceTree = "<group>"; };
		97FBDE371CD9681C00F6E118 /* Site.swift */ = {isa = PBXFileReference; fileEncoding = 4; lastKnownFileType = sourcecode.swift; path = Site.swift; sourceTree = "<group>"; };
/* End PBXFileReference section */

/* Begin PBXFrameworksBuildPhase section */
		97FBDE1B1CD95E6400F6E118 /* Frameworks */ = {
			isa = PBXFrameworksBuildPhase;
			buildActionMask = 2147483647;
			files = (
			);
			runOnlyForDeploymentPostprocessing = 0;
		};
/* End PBXFrameworksBuildPhase section */

/* Begin PBXGroup section */
		974B3E971CDA0A4C00B1FBBD /* Models */ = {
			isa = PBXGroup;
			children = (
				97FBDE371CD9681C00F6E118 /* Site.swift */,
			);
			name = Models;
			sourceTree = "<group>";
		};
		974B3E981CDA0A5600B1FBBD /* Controllers */ = {
			isa = PBXGroup;
			children = (
				97FBDE231CD95E6400F6E118 /* ViewController.swift */,
				974B3E951CDA0A3D00B1FBBD /* DetailViewController.swift */,
			);
			name = Controllers;
			sourceTree = "<group>";
		};
		974B3E991CDA0A6500B1FBBD /* Custom Cells */ = {
			isa = PBXGroup;
			children = (
				97FBDE351CD9662500F6E118 /* SiteTableViewCell.swift */,
			);
			name = "Custom Cells";
			sourceTree = "<group>";
		};
		97FBDE151CD95E6400F6E118 = {
			isa = PBXGroup;
			children = (
				97FBDE201CD95E6400F6E118 /* GrailDiary */,
				97FBDE1F1CD95E6400F6E118 /* Products */,
			);
			sourceTree = "<group>";
		};
		97FBDE1F1CD95E6400F6E118 /* Products */ = {
			isa = PBXGroup;
			children = (
				97FBDE1E1CD95E6400F6E118 /* GrailDiary.app */,
			);
			name = Products;
			sourceTree = "<group>";
		};
		97FBDE201CD95E6400F6E118 /* GrailDiary */ = {
			isa = PBXGroup;
			children = (
				97FBDE211CD95E6400F6E118 /* AppDelegate.swift */,
				974B3E981CDA0A5600B1FBBD /* Controllers */,
				974B3E991CDA0A6500B1FBBD /* Custom Cells */,
				974B3E971CDA0A4C00B1FBBD /* Models */,
				97FBDE251CD95E6400F6E118 /* Main.storyboard */,
				97FBDE281CD95E6400F6E118 /* Assets.xcassets */,
				97FBDE2A1CD95E6400F6E118 /* LaunchScreen.storyboard */,
				97FBDE2D1CD95E6400F6E118 /* Info.plist */,
				97FBDE331CD9641900F6E118 /* SitesData.json */,
			);
			path = GrailDiary;
			sourceTree = "<group>";
		};
/* End PBXGroup section */

/* Begin PBXNativeTarget section */
		97FBDE1D1CD95E6400F6E118 /* GrailDiary */ = {
			isa = PBXNativeTarget;
			buildConfigurationList = 97FBDE301CD95E6400F6E118 /* Build configuration list for PBXNativeTarget "GrailDiary" */;
			buildPhases = (
				97FBDE1A1CD95E6400F6E118 /* Sources */,
				97FBDE1B1CD95E6400F6E118 /* Frameworks */,
				97FBDE1C1CD95E6400F6E118 /* Resources */,
			);
			buildRules = (
			);
			dependencies = (
			);
			name = GrailDiary;
			productName = GrailDiary;
			productReference = 97FBDE1E1CD95E6400F6E118 /* GrailDiary.app */;
			productType = "com.apple.product-type.application";
		};
/* End PBXNativeTarget section */

/* Begin PBXProject section */
		97FBDE161CD95E6400F6E118 /* Project object */ = {
			isa = PBXProject;
			attributes = {
				LastSwiftUpdateCheck = 0720;
				LastUpgradeCheck = 0720;
				ORGANIZATIONNAME = "Belén Molina del Campo";
				TargetAttributes = {
					97FBDE1D1CD95E6400F6E118 = {
						CreatedOnToolsVersion = 7.2.1;
					};
				};
			};
			buildConfigurationList = 97FBDE191CD95E6400F6E118 /* Build configuration list for PBXProject "GrailDiary" */;
			compatibilityVersion = "Xcode 3.2";
			developmentRegion = English;
			hasScannedForEncodings = 0;
			knownRegions = (
				en,
				Base,
			);
			mainGroup = 97FBDE151CD95E6400F6E118;
			productRefGroup = 97FBDE1F1CD95E6400F6E118 /* Products */;
			projectDirPath = "";
			projectRoot = "";
			targets = (
				97FBDE1D1CD95E6400F6E118 /* GrailDiary */,
			);
		};
/* End PBXProject section */

/* Begin PBXResourcesBuildPhase section */
		97FBDE1C1CD95E6400F6E118 /* Resources */ = {
			isa = PBXResourcesBuildPhase;
			buildActionMask = 2147483647;
			files = (
				97FBDE341CD9641900F6E118 /* SitesData.json in Resources */,
				97FBDE2C1CD95E6400F6E118 /* LaunchScreen.storyboard in Resources */,
				97FBDE291CD95E6400F6E118 /* Assets.xcassets in Resources */,
				97FBDE271CD95E6400F6E118 /* Main.storyboard in Resources */,
			);
			runOnlyForDeploymentPostprocessing = 0;
		};
/* End PBXResourcesBuildPhase section */

/* Begin PBXSourcesBuildPhase section */
		97FBDE1A1CD95E6400F6E118 /* Sources */ = {
			isa = PBXSourcesBuildPhase;
			buildActionMask = 2147483647;
			files = (
				97FBDE361CD9662500F6E118 /* SiteTableViewCell.swift in Sources */,
				97FBDE241CD95E6400F6E118 /* ViewController.swift in Sources */,
				974B3E961CDA0A3D00B1FBBD /* DetailViewController.swift in Sources */,
				97FBDE381CD9681C00F6E118 /* Site.swift in Sources */,
				97FBDE221CD95E6400F6E118 /* AppDelegate.swift in Sources */,
			);
			runOnlyForDeploymentPostprocessing = 0;
		};
/* End PBXSourcesBuildPhase section */

/* Begin PBXVariantGroup section */
		97FBDE251CD95E6400F6E118 /* Main.storyboard */ = {
			isa = PBXVariantGroup;
			children = (
				97FBDE261CD95E6400F6E118 /* Base */,
			);
			name = Main.storyboard;
			sourceTree = "<group>";
		};
		97FBDE2A1CD95E6400F6E118 /* LaunchScreen.storyboard */ = {
			isa = PBXVariantGroup;
			children = (
				97FBDE2B1CD95E6400F6E118 /* Base */,
			);
			name = LaunchScreen.storyboard;
			sourceTree = "<group>";
		};
/* End PBXVariantGroup section */

/* Begin XCBuildConfiguration section */
		97FBDE2E1CD95E6400F6E118 /* Debug */ = {
			isa = XCBuildConfiguration;
			buildSettings = {
				ALWAYS_SEARCH_USER_PATHS = NO;
				CLANG_CXX_LANGUAGE_STANDARD = "gnu++0x";
				CLANG_CXX_LIBRARY = "libc++";
				CLANG_ENABLE_MODULES = YES;
				CLANG_ENABLE_OBJC_ARC = YES;
				CLANG_WARN_BOOL_CONVERSION = YES;
				CLANG_WARN_CONSTANT_CONVERSION = YES;
				CLANG_WARN_DIRECT_OBJC_ISA_USAGE = YES_ERROR;
				CLANG_WARN_EMPTY_BODY = YES;
				CLANG_WARN_ENUM_CONVERSION = YES;
				CLANG_WARN_INT_CONVERSION = YES;
				CLANG_WARN_OBJC_ROOT_CLASS = YES_ERROR;
				CLANG_WARN_UNREACHABLE_CODE = YES;
				CLANG_WARN__DUPLICATE_METHOD_MATCH = YES;
				"CODE_SIGN_IDENTITY[sdk=iphoneos*]" = "iPhone Developer";
				COPY_PHASE_STRIP = NO;
				DEBUG_INFORMATION_FORMAT = dwarf;
				ENABLE_STRICT_OBJC_MSGSEND = YES;
				ENABLE_TESTABILITY = YES;
				GCC_C_LANGUAGE_STANDARD = gnu99;
				GCC_DYNAMIC_NO_PIC = NO;
				GCC_NO_COMMON_BLOCKS = YES;
				GCC_OPTIMIZATION_LEVEL = 0;
				GCC_PREPROCESSOR_DEFINITIONS = (
					"DEBUG=1",
					"$(inherited)",
				);
				GCC_WARN_64_TO_32_BIT_CONVERSION = YES;
				GCC_WARN_ABOUT_RETURN_TYPE = YES_ERROR;
				GCC_WARN_UNDECLARED_SELECTOR = YES;
				GCC_WARN_UNINITIALIZED_AUTOS = YES_AGGRESSIVE;
				GCC_WARN_UNUSED_FUNCTION = YES;
				GCC_WARN_UNUSED_VARIABLE = YES;
				IPHONEOS_DEPLOYMENT_TARGET = 9.2;
				MTL_ENABLE_DEBUG_INFO = YES;
				ONLY_ACTIVE_ARCH = YES;
				SDKROOT = iphoneos;
				SWIFT_OPTIMIZATION_LEVEL = "-Onone";
			};
			name = Debug;
		};
		97FBDE2F1CD95E6400F6E118 /* Release */ = {
			isa = XCBuildConfiguration;
			buildSettings = {
				ALWAYS_SEARCH_USER_PATHS = NO;
				CLANG_CXX_LANGUAGE_STANDARD = "gnu++0x";
				CLANG_CXX_LIBRARY = "libc++";
				CLANG_ENABLE_MODULES = YES;
				CLANG_ENABLE_OBJC_ARC = YES;
				CLANG_WARN_BOOL_CONVERSION = YES;
				CLANG_WARN_CONSTANT_CONVERSION = YES;
				CLANG_WARN_DIRECT_OBJC_ISA_USAGE = YES_ERROR;
				CLANG_WARN_EMPTY_BODY = YES;
				CLANG_WARN_ENUM_CONVERSION = YES;
				CLANG_WARN_INT_CONVERSION = YES;
				CLANG_WARN_OBJC_ROOT_CLASS = YES_ERROR;
				CLANG_WARN_UNREACHABLE_CODE = YES;
				CLANG_WARN__DUPLICATE_METHOD_MATCH = YES;
				"CODE_SIGN_IDENTITY[sdk=iphoneos*]" = "iPhone Developer";
				COPY_PHASE_STRIP = NO;
				DEBUG_INFORMATION_FORMAT = "dwarf-with-dsym";
				ENABLE_NS_ASSERTIONS = NO;
				ENABLE_STRICT_OBJC_MSGSEND = YES;
				GCC_C_LANGUAGE_STANDARD = gnu99;
				GCC_NO_COMMON_BLOCKS = YES;
				GCC_WARN_64_TO_32_BIT_CONVERSION = YES;
				GCC_WARN_ABOUT_RETURN_TYPE = YES_ERROR;
				GCC_WARN_UNDECLARED_SELECTOR = YES;
				GCC_WARN_UNINITIALIZED_AUTOS = YES_AGGRESSIVE;
				GCC_WARN_UNUSED_FUNCTION = YES;
				GCC_WARN_UNUSED_VARIABLE = YES;
				IPHONEOS_DEPLOYMENT_TARGET = 9.2;
				MTL_ENABLE_DEBUG_INFO = NO;
				SDKROOT = iphoneos;
				VALIDATE_PRODUCT = YES;
			};
			name = Release;
		};
		97FBDE311CD95E6400F6E118 /* Debug */ = {
			isa = XCBuildConfiguration;
			buildSettings = {
				ASSETCATALOG_COMPILER_APPICON_NAME = AppIcon;
				INFOPLIST_FILE = GrailDiary/Info.plist;
				LD_RUNPATH_SEARCH_PATHS = "$(inherited) @executable_path/Frameworks";
				PRODUCT_BUNDLE_IDENTIFIER = com.bmc.GrailDiary;
				PRODUCT_NAME = "$(TARGET_NAME)";
			};
			name = Debug;
		};
		97FBDE321CD95E6400F6E118 /* Release */ = {
			isa = XCBuildConfiguration;
			buildSettings = {
				ASSETCATALOG_COMPILER_APPICON_NAME = AppIcon;
				INFOPLIST_FILE = GrailDiary/Info.plist;
				LD_RUNPATH_SEARCH_PATHS = "$(inherited) @executable_path/Frameworks";
				PRODUCT_BUNDLE_IDENTIFIER = com.bmc.GrailDiary;
				PRODUCT_NAME = "$(TARGET_NAME)";
			};
			name = Release;
		};
/* End XCBuildConfiguration section */

/* Begin XCConfigurationList section */
		97FBDE191CD95E6400F6E118 /* Build configuration list for PBXProject "GrailDiary" */ = {
			isa = XCConfigurationList;
			buildConfigurations = (
				97FBDE2E1CD95E6400F6E118 /* Debug */,
				97FBDE2F1CD95E6400F6E118 /* Release */,
			);
			defaultConfigurationIsVisible = 0;
			defaultConfigurationName = Release;
		};
		97FBDE301CD95E6400F6E118 /* Build configuration list for PBXNativeTarget "GrailDiary" */ = {
			isa = XCConfigurationList;
			buildConfigurations = (
				97FBDE311CD95E6400F6E118 /* Debug */,
				97FBDE321CD95E6400F6E118 /* Release */,
			);
			defaultConfigurationIsVisible = 0;
			defaultConfigurationName = Release;
		};
/* End XCConfigurationList section */
	};
	rootObject = 97FBDE161CD95E6400F6E118 /* Project object */;
}
